
Microsoft Visual Studio Solution File, Format Version 12.00
# Visual Studio Version 16
VisualStudioVersion = 16.0.31729.503
MinimumVisualStudioVersion = 10.0.40219.1
Project("{9A19103F-16F7-4668-BE54-9A1E7A4F7556}") = "MP", "MP\MP.csproj", "{6E5BF19E-E992-4BC9-AF84-1447B3511CF8}"
EndProject
Project("{FAE04EC0-301F-11D3-BF4B-00C04F79EFBC}") = "MP.Test", "MP.Test\MP.Test.csproj", "{FD31B536-E17B-420C-8E1F-CAE0B5E6C658}"
EndProject
Global
	GlobalSection(SolutionConfigurationPlatforms) = preSolution
		Debug|Any CPU = Debug|Any CPU
		Release|Any CPU = Release|Any CPU
	EndGlobalSection
	GlobalSection(ProjectConfigurationPlatforms) = postSolution
		{6E5BF19E-E992-4BC9-AF84-1447B3511CF8}.Debug|Any CPU.ActiveCfg = Debug|Any CPU
		{6E5BF19E-E992-4BC9-AF84-1447B3511CF8}.Debug|Any CPU.Build.0 = Debug|Any CPU
		{6E5BF19E-E992-4BC9-AF84-1447B3511CF8}.Release|Any CPU.ActiveCfg = Release|Any CPU
		{6E5BF19E-E992-4BC9-AF84-1447B3511CF8}.Release|Any CPU.Build.0 = Release|Any CPU
		{FD31B536-E17B-420C-8E1F-CAE0B5E6C658}.Debug|Any CPU.ActiveCfg = Debug|Any CPU
		{FD31B536-E17B-420C-8E1F-CAE0B5E6C658}.Debug|Any CPU.Build.0 = Debug|Any CPU
		{FD31B536-E17B-420C-8E1F-CAE0B5E6C658}.Release|Any CPU.ActiveCfg = Release|Any CPU
		{FD31B536-E17B-420C-8E1F-CAE0B5E6C658}.Release|Any CPU.Build.0 = Release|Any CPU
	EndGlobalSection
	GlobalSection(SolutionProperties) = preSolution
		HideSolutionNode = FALSE
	EndGlobalSection
	GlobalSection(ExtensibilityGlobals) = postSolution
		SolutionGuid = {EA751F54-D9EB-46CA-A678-5241DE9AAE5E}
	EndGlobalSection
EndGlobal
